
Microsoft Visual Studio Solution File, Format Version 12.00
# Visual Studio Version 17
VisualStudioVersion = 17.6.33723.286
MinimumVisualStudioVersion = 10.0.40219.1
Project("{FAE04EC0-301F-11D3-BF4B-00C04F79EFBC}") = "Lab2", "Lab2\Lab2.csproj", "{F146E24C-0C25-4AFD-97CA-24C322650E5B}"
EndProject
Global
	GlobalSection(SolutionConfigurationPlatforms) = preSolution
		Debug|Any CPU = Debug|Any CPU
		Release|Any CPU = Release|Any CPU
	EndGlobalSection
	GlobalSection(ProjectConfigurationPlatforms) = postSolution
		{F146E24C-0C25-4AFD-97CA-24C322650E5B}.Debug|Any CPU.ActiveCfg = Debug|Any CPU
		{F146E24C-0C25-4AFD-97CA-24C322650E5B}.Debug|Any CPU.Build.0 = Debug|Any CPU
		{F146E24C-0C25-4AFD-97CA-24C322650E5B}.Release|Any CPU.ActiveCfg = Release|Any CPU
		{F146E24C-0C25-4AFD-97CA-24C322650E5B}.Release|Any CPU.Build.0 = Release|Any CPU
	EndGlobalSection
	GlobalSection(SolutionProperties) = preSolution
		HideSolutionNode = FALSE
	EndGlobalSection
	GlobalSection(ExtensibilityGlobals) = postSolution
		SolutionGuid = {B3473265-2898-4834-BDA7-8F4688B55257}
	EndGlobalSection
EndGlobal
